
Microsoft Visual Studio Solution File, Format Version 12.00
# Visual Studio Version 17
VisualStudioVersion = 17.3.32929.385
MinimumVisualStudioVersion = 10.0.40219.1
Project("{8BC9CEB8-8B4A-11D0-8D11-00A0C91BC942}") = "RenamingRulesPolymorphism", "RenamingRulesPolymorphism\RenamingRulesPolymorphism.vcxproj", "{E574AF7B-907A-4878-B59F-FFEAEE565C8D}"
EndProject
Global
	GlobalSection(SolutionConfigurationPlatforms) = preSolution
		Debug|x64 = Debug|x64
		Debug|x86 = Debug|x86
		Release|x64 = Release|x64
		Release|x86 = Release|x86
	EndGlobalSection
	GlobalSection(ProjectConfigurationPlatforms) = postSolution
		{E574AF7B-907A-4878-B59F-FFEAEE565C8D}.Debug|x64.ActiveCfg = Debug|x64
		{E574AF7B-907A-4878-B59F-FFEAEE565C8D}.Debug|x64.Build.0 = Debug|x64
		{E574AF7B-907A-4878-B59F-FFEAEE565C8D}.Debug|x86.ActiveCfg = Debug|Win32
		{E574AF7B-907A-4878-B59F-FFEAEE565C8D}.Debug|x86.Build.0 = Debug|Win32
		{E574AF7B-907A-4878-B59F-FFEAEE565C8D}.Release|x64.ActiveCfg = Release|x64
		{E574AF7B-907A-4878-B59F-FFEAEE565C8D}.Release|x64.Build.0 = Release|x64
		{E574AF7B-907A-4878-B59F-FFEAEE565C8D}.Release|x86.ActiveCfg = Release|Win32
		{E574AF7B-907A-4878-B59F-FFEAEE565C8D}.Release|x86.Build.0 = Release|Win32
	EndGlobalSection
	GlobalSection(SolutionProperties) = preSolution
		HideSolutionNode = FALSE
	EndGlobalSection
	GlobalSection(ExtensibilityGlobals) = postSolution
		SolutionGuid = {6D26C026-A508-47BC-869C-82B51DDBC5BD}
	EndGlobalSection
EndGlobal
