<?xml version="1.0" encoding="utf-8"?>
<Project ToolsVersion="4.0" xmlns="http://schemas.microsoft.com/developer/msbuild/2003">
  <ItemGroup>
    <Filter Include="Source Files">
      <UniqueIdentifier>{4FC737F1-C7A5-4376-A066-2A32D752A2FF}</UniqueIdentifier>
      <Extensions>cpp;c;cc;cxx;c++;cppm;ixx;def;odl;idl;hpj;bat;asm;asmx</Extensions>
    </Filter>
    <Filter Include="Header Files">
      <UniqueIdentifier>{93995380-89BD-4b04-88EB-625FBE52EBFB}</UniqueIdentifier>
      <Extensions>h;hh;hpp;hxx;h++;hm;inl;inc;ipp;xsd</Extensions>
    </Filter>
    <Filter Include="Resource Files">
      <UniqueIdentifier>{67DA6AB6-F800-4c08-8B7A-83BB121AAD01}</UniqueIdentifier>
      <Extensions>rc;ico;cur;bmp;dlg;rc2;rct;bin;rgs;gif;jpg;jpeg;jpe;resx;tiff;tif;png;wav;mfcribbon-ms</Extensions>
    </Filter>
    <Filter Include="Header Files\Entity">
      <UniqueIdentifier>{23618ec7-d422-4426-a87b-3eb1afe9ee92}</UniqueIdentifier>
    </Filter>
    <Filter Include="Header Files\UI">
      <UniqueIdentifier>{e7bef1d7-cf47-4a3d-8ef5-7c5cc9931f2e}</UniqueIdentifier>
    </Filter>
    <Filter Include="Header Files\Business">
      <UniqueIdentifier>{96d93624-05d3-4389-adba-84349014d75b}</UniqueIdentifier>
    </Filter>
    <Filter Include="Header Files\Helper">
      <UniqueIdentifier>{3ebfe371-c256-4992-a4cb-a6601165280e}</UniqueIdentifier>
    </Filter>
  </ItemGroup>
  <ItemGroup>
    <ClCompile Include="main.cpp">
      <Filter>Source Files</Filter>
    </ClCompile>
  </ItemGroup>
  <ItemGroup>
    <ClInclude Include="Object.h">
      <Filter>Header Files\Entity</Filter>
    </ClInclude>
    <ClInclude Include="Utils.h">
      <Filter>Header Files\Helper</Filter>
    </ClInclude>
    <ClInclude Include="IRule.h">
      <Filter>Header Files\Entity</Filter>
    </ClInclude>
    <ClInclude Include="RemoveSpecialChars.h">
      <Filter>Header Files\Entity</Filter>
    </ClInclude>
    <ClInclude Include="OneSpaceOnly.h">
      <Filter>Header Files\Entity</Filter>
    </ClInclude>
    <ClInclude Include="AddCurrentMonth.h">
      <Filter>Header Files\Entity</Filter>
    </ClInclude>
    <ClInclude Include="AddPrefix.h">
      <Filter>Header Files\Entity</Filter>
    </ClInclude>
    <ClInclude Include="Replace.h">
      <Filter>Header Files\Entity</Filter>
    </ClInclude>
    <ClInclude Include="IParsable.h">
      <Filter>Header Files\Business</Filter>
    </ClInclude>
    <ClInclude Include="RemoveSpecialCharsParser.h">
      <Filter>Header Files\Business</Filter>
    </ClInclude>
    <ClInclude Include="OneSpaceOnlyParser.h">
      <Filter>Header Files\Business</Filter>
    </ClInclude>
    <ClInclude Include="AddCurrentMonthParser.h">
      <Filter>Header Files\Business</Filter>
    </ClInclude>
    <ClInclude Include="AddPrefixParser.h">
      <Filter>Header Files\Business</Filter>
    </ClInclude>
    <ClInclude Include="ReplaceParser.h">
      <Filter>Header Files\Business</Filter>
    </ClInclude>
    <ClInclude Include="ParserFactory.h">
      <Filter>Header Files\Business</Filter>
    </ClInclude>
  </ItemGroup>
</Project>