<?xml version="1.0" encoding="utf-8"?>
<Project ToolsVersion="4.0" xmlns="http://schemas.microsoft.com/developer/msbuild/2003">
  <ItemGroup>
    <Filter Include="Source Files">
      <UniqueIdentifier>{4FC737F1-C7A5-4376-A066-2A32D752A2FF}</UniqueIdentifier>
      <Extensions>cpp;c;cc;cxx;c++;cppm;ixx;def;odl;idl;hpj;bat;asm;asmx</Extensions>
    </Filter>
    <Filter Include="Header Files">
      <UniqueIdentifier>{93995380-89BD-4b04-88EB-625FBE52EBFB}</UniqueIdentifier>
      <Extensions>h;hh;hpp;hxx;h++;hm;inl;inc;ipp;xsd</Extensions>
    </Filter>
    <Filter Include="Resource Files">
      <UniqueIdentifier>{67DA6AB6-F800-4c08-8B7A-83BB121AAD01}</UniqueIdentifier>
      <Extensions>rc;ico;cur;bmp;dlg;rc2;rct;bin;rgs;gif;jpg;jpeg;jpe;resx;tiff;tif;png;wav;mfcribbon-ms</Extensions>
    </Filter>
    <Filter Include="Header Files\Entity">
      <UniqueIdentifier>{b345b7f4-5b99-4f9a-a684-9d058a4bf4d0}</UniqueIdentifier>
    </Filter>
    <Filter Include="Header Files\Business">
      <UniqueIdentifier>{28dccb71-8076-4d1f-8864-3a781d6d74fb}</UniqueIdentifier>
    </Filter>
    <Filter Include="Header Files\UI">
      <UniqueIdentifier>{d1aa2280-89b6-4fe4-9c42-a84ef52d9006}</UniqueIdentifier>
    </Filter>
    <Filter Include="Source Files\Entity">
      <UniqueIdentifier>{992de45c-8c20-4164-9bf2-2346f9078f3c}</UniqueIdentifier>
    </Filter>
    <Filter Include="Source Files\Business">
      <UniqueIdentifier>{d718fa68-f039-44a3-9fc7-0535188383f0}</UniqueIdentifier>
    </Filter>
    <Filter Include="Source Files\UI">
      <UniqueIdentifier>{c2bbe11a-1cdb-4074-9d5e-9bb205ae2b8b}</UniqueIdentifier>
    </Filter>
    <Filter Include="Source Files\Data">
      <UniqueIdentifier>{6ef503cc-49ca-4bfe-9428-869c5fb4f210}</UniqueIdentifier>
    </Filter>
  </ItemGroup>
  <ItemGroup>
    <ClInclude Include="Object.h">
      <Filter>Header Files\Entity</Filter>
    </ClInclude>
    <ClInclude Include="Product.h">
      <Filter>Header Files\Entity</Filter>
    </ClInclude>
    <ClInclude Include="enumColor.h">
      <Filter>Header Files\Entity</Filter>
    </ClInclude>
    <ClInclude Include="Interface.h">
      <Filter>Header Files\UI</Filter>
    </ClInclude>
    <ClInclude Include="SetColorProduct.h">
      <Filter>Header Files\UI</Filter>
    </ClInclude>
    <ClInclude Include="SetColorMenu.h">
      <Filter>Header Files\UI</Filter>
    </ClInclude>
    <ClInclude Include="SetColor.h">
      <Filter>Header Files\UI</Filter>
    </ClInclude>
    <ClInclude Include="Control.h">
      <Filter>Header Files\Business</Filter>
    </ClInclude>
    <ClInclude Include="Converter.h">
      <Filter>Header Files\UI</Filter>
    </ClInclude>
    <ClInclude Include="ConverterToRow.h">
      <Filter>Header Files\UI</Filter>
    </ClInclude>
    <ClInclude Include="Table.h">
      <Filter>Header Files\Business</Filter>
    </ClInclude>
    <ClInclude Include="Menu.h">
      <Filter>Header Files\Business</Filter>
    </ClInclude>
  </ItemGroup>
  <ItemGroup>
    <ClCompile Include="Product.cpp">
      <Filter>Source Files\Entity</Filter>
    </ClCompile>
    <ClCompile Include="main.cpp">
      <Filter>Source Files</Filter>
    </ClCompile>
    <ClCompile Include="Interface.cpp">
      <Filter>Source Files\UI</Filter>
    </ClCompile>
    <ClCompile Include="SetColorProduct.cpp">
      <Filter>Source Files\UI</Filter>
    </ClCompile>
    <ClCompile Include="SetColorMenu.cpp">
      <Filter>Source Files\UI</Filter>
    </ClCompile>
    <ClCompile Include="Control.cpp">
      <Filter>Source Files\Business</Filter>
    </ClCompile>
    <ClCompile Include="ConverterToRow.cpp">
      <Filter>Source Files\UI</Filter>
    </ClCompile>
    <ClCompile Include="Menu.cpp">
      <Filter>Source Files\Business</Filter>
    </ClCompile>
    <ClCompile Include="Table.cpp">
      <Filter>Source Files\Business</Filter>
    </ClCompile>
  </ItemGroup>
  <ItemGroup>
    <Text Include="file.txt">
      <Filter>Source Files\Data</Filter>
    </Text>
  </ItemGroup>
</Project>